
Microsoft Visual Studio Solution File, Format Version 12.00
# Visual Studio Version 16
VisualStudioVersion = 16.0.30523.141
MinimumVisualStudioVersion = 10.0.40219.1
Project("{FAE04EC0-301F-11D3-BF4B-00C04F79EFBC}") = "ADETQ2_Perfvecrt-Group", "ADETQ2_Perfvecrt-Group\ADETQ2_Perfvecrt-Group.csproj", "{23F1DDE5-A262-404D-965C-2B4DC00BB2CB}"
EndProject
Global
	GlobalSection(SolutionConfigurationPlatforms) = preSolution
		Debug|Any CPU = Debug|Any CPU
		Release|Any CPU = Release|Any CPU
	EndGlobalSection
	GlobalSection(ProjectConfigurationPlatforms) = postSolution
		{23F1DDE5-A262-404D-965C-2B4DC00BB2CB}.Debug|Any CPU.ActiveCfg = Debug|Any CPU
		{23F1DDE5-A262-404D-965C-2B4DC00BB2CB}.Debug|Any CPU.Build.0 = Debug|Any CPU
		{23F1DDE5-A262-404D-965C-2B4DC00BB2CB}.Release|Any CPU.ActiveCfg = Release|Any CPU
		{23F1DDE5-A262-404D-965C-2B4DC00BB2CB}.Release|Any CPU.Build.0 = Release|Any CPU
	EndGlobalSection
	GlobalSection(SolutionProperties) = preSolution
		HideSolutionNode = FALSE
	EndGlobalSection
	GlobalSection(ExtensibilityGlobals) = postSolution
		SolutionGuid = {FF54BAFA-BD83-4D1F-9463-C92639509E6E}
	EndGlobalSection
EndGlobal
